{
  "name": "@kmisha/angular-playground",
  "version": "1.0.0",
  "lockfileVersion": 3,
  "requires": true,
  "packages": {
    "": {
      "name": "@kmisha/angular-playground",
      "version": "1.0.0",
      "license": "MIT",
      "workspaces": [
        "projects/todo-app"
      ]
    },
    "node_modules/@kmisha/todo-app": {
      "resolved": "projects/todo-app",
      "link": true
    },
    "projects/todo-app": {
      "name": "@kmisha/todo-app",
      "version": "1.0.0"
    }
  }
}
